
Microsoft Visual Studio Solution File, Format Version 12.00
# Visual Studio Version 17
VisualStudioVersion = 17.10.35122.118
MinimumVisualStudioVersion = 10.0.40219.1
Project("{FAE04EC0-301F-11D3-BF4B-00C04F79EFBC}") = "Mineshafts", "Mineshafts\Mineshafts.csproj", "{0204FD55-3A2C-4721-86EC-0BA20F96C19F}"
EndProject
Project("{FAE04EC0-301F-11D3-BF4B-00C04F79EFBC}") = "MineshaftsTests", "MineshaftsTests\MineshaftsTests.csproj", "{4F6DF871-5605-419C-9224-2382D32B6FF4}"
EndProject
Global
	GlobalSection(SolutionConfigurationPlatforms) = preSolution
		Debug|Any CPU = Debug|Any CPU
		Release|Any CPU = Release|Any CPU
	EndGlobalSection
	GlobalSection(ProjectConfigurationPlatforms) = postSolution
		{0204FD55-3A2C-4721-86EC-0BA20F96C19F}.Debug|Any CPU.ActiveCfg = Debug|Any CPU
		{0204FD55-3A2C-4721-86EC-0BA20F96C19F}.Debug|Any CPU.Build.0 = Debug|Any CPU
		{0204FD55-3A2C-4721-86EC-0BA20F96C19F}.Release|Any CPU.ActiveCfg = Release|Any CPU
		{0204FD55-3A2C-4721-86EC-0BA20F96C19F}.Release|Any CPU.Build.0 = Release|Any CPU
		{4F6DF871-5605-419C-9224-2382D32B6FF4}.Debug|Any CPU.ActiveCfg = Debug|Any CPU
		{4F6DF871-5605-419C-9224-2382D32B6FF4}.Debug|Any CPU.Build.0 = Debug|Any CPU
		{4F6DF871-5605-419C-9224-2382D32B6FF4}.Release|Any CPU.ActiveCfg = Release|Any CPU
		{4F6DF871-5605-419C-9224-2382D32B6FF4}.Release|Any CPU.Build.0 = Release|Any CPU
	EndGlobalSection
	GlobalSection(SolutionProperties) = preSolution
		HideSolutionNode = FALSE
	EndGlobalSection
	GlobalSection(ExtensibilityGlobals) = postSolution
		SolutionGuid = {65C1105A-18C2-46CF-AE11-358C58D053F8}
	EndGlobalSection
EndGlobal
